
Microsoft Visual Studio Solution File, Format Version 12.00
# Visual Studio Version 16
VisualStudioVersion = 16.0.30523.141
MinimumVisualStudioVersion = 10.0.40219.1
Project("{FAE04EC0-301F-11D3-BF4B-00C04F79EFBC}") = "dwqeqw", "dwqeqw\dwqeqw.csproj", "{C0F3128B-FF02-486C-899A-7DB6857CC67E}"
EndProject
Global
	GlobalSection(SolutionConfigurationPlatforms) = preSolution
		Debug|Any CPU = Debug|Any CPU
		Release|Any CPU = Release|Any CPU
	EndGlobalSection
	GlobalSection(ProjectConfigurationPlatforms) = postSolution
		{C0F3128B-FF02-486C-899A-7DB6857CC67E}.Debug|Any CPU.ActiveCfg = Debug|Any CPU
		{C0F3128B-FF02-486C-899A-7DB6857CC67E}.Debug|Any CPU.Build.0 = Debug|Any CPU
		{C0F3128B-FF02-486C-899A-7DB6857CC67E}.Release|Any CPU.ActiveCfg = Release|Any CPU
		{C0F3128B-FF02-486C-899A-7DB6857CC67E}.Release|Any CPU.Build.0 = Release|Any CPU
	EndGlobalSection
	GlobalSection(SolutionProperties) = preSolution
		HideSolutionNode = FALSE
	EndGlobalSection
	GlobalSection(ExtensibilityGlobals) = postSolution
		SolutionGuid = {0029E954-9BE2-49D2-8D1B-6B1E3E55B8F2}
	EndGlobalSection
EndGlobal
